
Microsoft Visual Studio Solution File, Format Version 12.00
# Visual Studio 15
VisualStudioVersion = 15.0.28307.852
MinimumVisualStudioVersion = 10.0.40219.1
Project("{FAE04EC0-301F-11D3-BF4B-00C04F79EFBC}") = "Separate characters from string", "Separate characters from string\Separate characters from string.csproj", "{15B43D86-7812-4CB1-8779-52BCFC893633}"
EndProject
Global
	GlobalSection(SolutionConfigurationPlatforms) = preSolution
		Debug|Any CPU = Debug|Any CPU
		Release|Any CPU = Release|Any CPU
	EndGlobalSection
	GlobalSection(ProjectConfigurationPlatforms) = postSolution
		{15B43D86-7812-4CB1-8779-52BCFC893633}.Debug|Any CPU.ActiveCfg = Debug|Any CPU
		{15B43D86-7812-4CB1-8779-52BCFC893633}.Debug|Any CPU.Build.0 = Debug|Any CPU
		{15B43D86-7812-4CB1-8779-52BCFC893633}.Release|Any CPU.ActiveCfg = Release|Any CPU
		{15B43D86-7812-4CB1-8779-52BCFC893633}.Release|Any CPU.Build.0 = Release|Any CPU
	EndGlobalSection
	GlobalSection(SolutionProperties) = preSolution
		HideSolutionNode = FALSE
	EndGlobalSection
	GlobalSection(ExtensibilityGlobals) = postSolution
		SolutionGuid = {CEB2C951-573B-426D-A393-4732BFBD007C}
	EndGlobalSection
EndGlobal
